// !$*UTF8*$!
{
	archiveVersion = 1;
	classes = {
	};
	objectVersion = 51;
	objects = {

/* Begin PBXBuildFile section */
		1A6DDAC2DA091808A87DB9B3 /* Pods_ChefBook.framework in Frameworks */ = {isa = PBXBuildFile; fileRef = ADF6857BB1190C0C6FD375CA /* Pods_ChefBook.framework */; };
		3018F441247C215900C96C83 /* NSObject.swift in Sources */ = {isa = PBXBuildFile; fileRef = 3018F440247C215900C96C83 /* NSObject.swift */; };
		3018F444247C233500C96C83 /* UIView.swift in Sources */ = {isa = PBXBuildFile; fileRef = 3018F443247C233500C96C83 /* UIView.swift */; };
		301EDAC72481141900DA5A14 /* CustonImageView.swift in Sources */ = {isa = PBXBuildFile; fileRef = 301EDAC62481141900DA5A14 /* CustonImageView.swift */; };
		302E5F932477EF5C00C04D7F /* RecipesViewControllerDelegate.swift in Sources */ = {isa = PBXBuildFile; fileRef = 302E5F922477EF5C00C04D7F /* RecipesViewControllerDelegate.swift */; };
		305AEF04248507B50088E2D6 /* DetailRecipeViewController.swift in Sources */ = {isa = PBXBuildFile; fileRef = 305AEF03248507B50088E2D6 /* DetailRecipeViewController.swift */; };
		305AEF062485397F0088E2D6 /* DetailStoryboard.storyboard in Resources */ = {isa = PBXBuildFile; fileRef = 305AEF052485397F0088E2D6 /* DetailStoryboard.storyboard */; };
		305AEF0824854BDA0088E2D6 /* UIStoryboard.swift in Sources */ = {isa = PBXBuildFile; fileRef = 305AEF0724854BDA0088E2D6 /* UIStoryboard.swift */; };
		305AEF0A24854C0E0088E2D6 /* UIViewController.swift in Sources */ = {isa = PBXBuildFile; fileRef = 305AEF0924854C0E0088E2D6 /* UIViewController.swift */; };
		305AEF0C24854C3A0088E2D6 /* Storyboards.swift in Sources */ = {isa = PBXBuildFile; fileRef = 305AEF0B24854C3A0088E2D6 /* Storyboards.swift */; };
		307FA76C2478031B000E0D3F /* Colors.xcassets in Resources */ = {isa = PBXBuildFile; fileRef = 307FA76B2478031B000E0D3F /* Colors.xcassets */; };
		309AA0CC248657240050DD8A /* DetailRecipeVCDelegate.swift in Sources */ = {isa = PBXBuildFile; fileRef = 309AA0CB248657240050DD8A /* DetailRecipeVCDelegate.swift */; };
		309AA0CF248658800050DD8A /* IngredientCell.swift in Sources */ = {isa = PBXBuildFile; fileRef = 309AA0CE248658800050DD8A /* IngredientCell.swift */; };
		309B3775247E7BF800BBB655 /* RecipeSearchBarDelegate.swift in Sources */ = {isa = PBXBuildFile; fileRef = 309B3774247E7BF800BBB655 /* RecipeSearchBarDelegate.swift */; };
		309B3778247EC82E00BBB655 /* ConstName.swift in Sources */ = {isa = PBXBuildFile; fileRef = 309B3777247EC82E00BBB655 /* ConstName.swift */; };
		309B377A247EC89D00BBB655 /* Alert.swift in Sources */ = {isa = PBXBuildFile; fileRef = 309B3779247EC89D00BBB655 /* Alert.swift */; };
		30A0F8C224DC0D8F004C14ED /* SearchRecipes.storyboard in Resources */ = {isa = PBXBuildFile; fileRef = 30A0F8C124DC0D8F004C14ED /* SearchRecipes.storyboard */; };
		30A0F8C424DC0F9F004C14ED /* WebKit.framework in Frameworks */ = {isa = PBXBuildFile; fileRef = 30A0F8C324DC0F9F004C14ED /* WebKit.framework */; };
		30B4C5242477DA670013D51F /* AppDelegate.swift in Sources */ = {isa = PBXBuildFile; fileRef = 30B4C5232477DA670013D51F /* AppDelegate.swift */; };
		30B4C5262477DA670013D51F /* SceneDelegate.swift in Sources */ = {isa = PBXBuildFile; fileRef = 30B4C5252477DA670013D51F /* SceneDelegate.swift */; };
		30B4C5282477DA670013D51F /* RecipesViewController.swift in Sources */ = {isa = PBXBuildFile; fileRef = 30B4C5272477DA670013D51F /* RecipesViewController.swift */; };
		30B4C52B2477DA670013D51F /* Main.storyboard in Resources */ = {isa = PBXBuildFile; fileRef = 30B4C5292477DA670013D51F /* Main.storyboard */; };
		30B4C52D2477DA700013D51F /* Assets.xcassets in Resources */ = {isa = PBXBuildFile; fileRef = 30B4C52C2477DA700013D51F /* Assets.xcassets */; };
		30B4C5302477DA700013D51F /* LaunchScreen.storyboard in Resources */ = {isa = PBXBuildFile; fileRef = 30B4C52E2477DA700013D51F /* LaunchScreen.storyboard */; };
		30BEAC3E247C19C4005A6477 /* RecipeCell.swift in Sources */ = {isa = PBXBuildFile; fileRef = 30BEAC3C247C19C3005A6477 /* RecipeCell.swift */; };
		30BEAC3F247C19C4005A6477 /* RecipeCell.xib in Resources */ = {isa = PBXBuildFile; fileRef = 30BEAC3D247C19C3005A6477 /* RecipeCell.xib */; };
		30C3180524891B6F00414E40 /* StartCookingWebView.storyboard in Resources */ = {isa = PBXBuildFile; fileRef = 30C3180424891B6F00414E40 /* StartCookingWebView.storyboard */; };
		30C3180824891C8500414E40 /* StartCookingWebViewController.swift in Sources */ = {isa = PBXBuildFile; fileRef = 30C3180724891C8500414E40 /* StartCookingWebViewController.swift */; };
		30D3D611247D56CB00A6DF34 /* RecipeModel.swift in Sources */ = {isa = PBXBuildFile; fileRef = 30D3D610247D56CB00A6DF34 /* RecipeModel.swift */; };
		30D3D614247D689200A6DF34 /* APIService.swift in Sources */ = {isa = PBXBuildFile; fileRef = 30D3D613247D689200A6DF34 /* APIService.swift */; };
/* End PBXBuildFile section */

/* Begin PBXFileReference section */
		3018F440247C215900C96C83 /* NSObject.swift */ = {isa = PBXFileReference; lastKnownFileType = sourcecode.swift; path = NSObject.swift; sourceTree = "<group>"; };
		3018F443247C233500C96C83 /* UIView.swift */ = {isa = PBXFileReference; lastKnownFileType = sourcecode.swift; path = UIView.swift; sourceTree = "<group>"; };
		301EDAC62481141900DA5A14 /* CustonImageView.swift */ = {isa = PBXFileReference; lastKnownFileType = sourcecode.swift; path = CustonImageView.swift; sourceTree = "<group>"; };
		302E5F922477EF5C00C04D7F /* RecipesViewControllerDelegate.swift */ = {isa = PBXFileReference; lastKnownFileType = sourcecode.swift; path = RecipesViewControllerDelegate.swift; sourceTree = "<group>"; };
		305AEF03248507B50088E2D6 /* DetailRecipeViewController.swift */ = {isa = PBXFileReference; lastKnownFileType = sourcecode.swift; path = DetailRecipeViewController.swift; sourceTree = "<group>"; };
		305AEF052485397F0088E2D6 /* DetailStoryboard.storyboard */ = {isa = PBXFileReference; lastKnownFileType = file.storyboard; path = DetailStoryboard.storyboard; sourceTree = "<group>"; };
		305AEF0724854BDA0088E2D6 /* UIStoryboard.swift */ = {isa = PBXFileReference; lastKnownFileType = sourcecode.swift; path = UIStoryboard.swift; sourceTree = "<group>"; };
		305AEF0924854C0E0088E2D6 /* UIViewController.swift */ = {isa = PBXFileReference; lastKnownFileType = sourcecode.swift; path = UIViewController.swift; sourceTree = "<group>"; };
		305AEF0B24854C3A0088E2D6 /* Storyboards.swift */ = {isa = PBXFileReference; lastKnownFileType = sourcecode.swift; path = Storyboards.swift; sourceTree = "<group>"; };
		307FA76B2478031B000E0D3F /* Colors.xcassets */ = {isa = PBXFileReference; lastKnownFileType = folder.assetcatalog; path = Colors.xcassets; sourceTree = "<group>"; };
		309AA0CB248657240050DD8A /* DetailRecipeVCDelegate.swift */ = {isa = PBXFileReference; lastKnownFileType = sourcecode.swift; path = DetailRecipeVCDelegate.swift; sourceTree = "<group>"; };
		309AA0CE248658800050DD8A /* IngredientCell.swift */ = {isa = PBXFileReference; lastKnownFileType = sourcecode.swift; path = IngredientCell.swift; sourceTree = "<group>"; };
		309B3774247E7BF800BBB655 /* RecipeSearchBarDelegate.swift */ = {isa = PBXFileReference; lastKnownFileType = sourcecode.swift; path = RecipeSearchBarDelegate.swift; sourceTree = "<group>"; };
		309B3777247EC82E00BBB655 /* ConstName.swift */ = {isa = PBXFileReference; lastKnownFileType = sourcecode.swift; path = ConstName.swift; sourceTree = "<group>"; };
		309B3779247EC89D00BBB655 /* Alert.swift */ = {isa = PBXFileReference; lastKnownFileType = sourcecode.swift; path = Alert.swift; sourceTree = "<group>"; };
		30A0F8C124DC0D8F004C14ED /* SearchRecipes.storyboard */ = {isa = PBXFileReference; fileEncoding = 4; lastKnownFileType = file.storyboard; path = SearchRecipes.storyboard; sourceTree = SOURCE_ROOT; };
		30A0F8C324DC0F9F004C14ED /* WebKit.framework */ = {isa = PBXFileReference; lastKnownFileType = wrapper.framework; name = WebKit.framework; path = System/Library/Frameworks/WebKit.framework; sourceTree = SDKROOT; };
		30B4C5202477DA670013D51F /* ChefBook.app */ = {isa = PBXFileReference; explicitFileType = wrapper.application; includeInIndex = 0; path = ChefBook.app; sourceTree = BUILT_PRODUCTS_DIR; };
		30B4C5232477DA670013D51F /* AppDelegate.swift */ = {isa = PBXFileReference; lastKnownFileType = sourcecode.swift; path = AppDelegate.swift; sourceTree = "<group>"; };
		30B4C5252477DA670013D51F /* SceneDelegate.swift */ = {isa = PBXFileReference; lastKnownFileType = sourcecode.swift; path = SceneDelegate.swift; sourceTree = "<group>"; };
		30B4C5272477DA670013D51F /* RecipesViewController.swift */ = {isa = PBXFileReference; lastKnownFileType = sourcecode.swift; path = RecipesViewController.swift; sourceTree = "<group>"; };
		30B4C52A2477DA670013D51F /* Base */ = {isa = PBXFileReference; lastKnownFileType = file.storyboard; name = Base; path = Base.lproj/Main.storyboard; sourceTree = "<group>"; };
		30B4C52C2477DA700013D51F /* Assets.xcassets */ = {isa = PBXFileReference; lastKnownFileType = folder.assetcatalog; path = Assets.xcassets; sourceTree = "<group>"; };
		30B4C52F2477DA700013D51F /* Base */ = {isa = PBXFileReference; lastKnownFileType = file.storyboard; name = Base; path = Base.lproj/LaunchScreen.storyboard; sourceTree = "<group>"; };
		30B4C5312477DA710013D51F /* Info.plist */ = {isa = PBXFileReference; lastKnownFileType = text.plist.xml; path = Info.plist; sourceTree = "<group>"; };
		30BEAC3C247C19C3005A6477 /* RecipeCell.swift */ = {isa = PBXFileReference; lastKnownFileType = sourcecode.swift; path = RecipeCell.swift; sourceTree = "<group>"; };
		30BEAC3D247C19C3005A6477 /* RecipeCell.xib */ = {isa = PBXFileReference; lastKnownFileType = file.xib; path = RecipeCell.xib; sourceTree = "<group>"; };
		30C3180424891B6F00414E40 /* StartCookingWebView.storyboard */ = {isa = PBXFileReference; lastKnownFileType = file.storyboard; path = StartCookingWebView.storyboard; sourceTree = "<group>"; };
		30C3180724891C8500414E40 /* StartCookingWebViewController.swift */ = {isa = PBXFileReference; lastKnownFileType = sourcecode.swift; path = StartCookingWebViewController.swift; sourceTree = "<group>"; };
		30D3D610247D56CB00A6DF34 /* RecipeModel.swift */ = {isa = PBXFileReference; lastKnownFileType = sourcecode.swift; path = RecipeModel.swift; sourceTree = "<group>"; };
		30D3D613247D689200A6DF34 /* APIService.swift */ = {isa = PBXFileReference; lastKnownFileType = sourcecode.swift; path = APIService.swift; sourceTree = "<group>"; };
		474425297E8220EB8D4DEFD8 /* Pods-ChefBook.debug.xcconfig */ = {isa = PBXFileReference; includeInIndex = 1; lastKnownFileType = text.xcconfig; name = "Pods-ChefBook.debug.xcconfig"; path = "Target Support Files/Pods-ChefBook/Pods-ChefBook.debug.xcconfig"; sourceTree = "<group>"; };
		AB6C2BF5FEFAC1C5A5E440FF /* Pods-ChefBook.release.xcconfig */ = {isa = PBXFileReference; includeInIndex = 1; lastKnownFileType = text.xcconfig; name = "Pods-ChefBook.release.xcconfig"; path = "Target Support Files/Pods-ChefBook/Pods-ChefBook.release.xcconfig"; sourceTree = "<group>"; };
		ADF6857BB1190C0C6FD375CA /* Pods_ChefBook.framework */ = {isa = PBXFileReference; explicitFileType = wrapper.framework; includeInIndex = 0; path = Pods_ChefBook.framework; sourceTree = BUILT_PRODUCTS_DIR; };
/* End PBXFileReference section */

/* Begin PBXFrameworksBuildPhase section */
		30B4C51D2477DA670013D51F /* Frameworks */ = {
			isa = PBXFrameworksBuildPhase;
			buildActionMask = 2147483647;
			files = (
				30A0F8C424DC0F9F004C14ED /* WebKit.framework in Frameworks */,
				1A6DDAC2DA091808A87DB9B3 /* Pods_ChefBook.framework in Frameworks */,
			);
			runOnlyForDeploymentPostprocessing = 0;
		};
/* End PBXFrameworksBuildPhase section */

/* Begin PBXGroup section */
		2B8A7CB38101C97B186F765E /* Pods */ = {
			isa = PBXGroup;
			children = (
				474425297E8220EB8D4DEFD8 /* Pods-ChefBook.debug.xcconfig */,
				AB6C2BF5FEFAC1C5A5E440FF /* Pods-ChefBook.release.xcconfig */,
			);
			path = Pods;
			sourceTree = "<group>";
		};
		3018F442247C215C00C96C83 /* Extension */ = {
			isa = PBXGroup;
			children = (
				3018F440247C215900C96C83 /* NSObject.swift */,
				3018F443247C233500C96C83 /* UIView.swift */,
				305AEF0724854BDA0088E2D6 /* UIStoryboard.swift */,
				305AEF0924854C0E0088E2D6 /* UIViewController.swift */,
			);
			path = Extension;
			sourceTree = "<group>";
		};
		301EDAC82481147900DA5A14 /* Components */ = {
			isa = PBXGroup;
			children = (
				301EDAC62481141900DA5A14 /* CustonImageView.swift */,
			);
			path = Components;
			sourceTree = "<group>";
		};
		302E5F902477EEC900C04D7F /* View */ = {
			isa = PBXGroup;
			children = (
				30BEAC3C247C19C3005A6477 /* RecipeCell.swift */,
				30BEAC3D247C19C3005A6477 /* RecipeCell.xib */,
			);
			path = View;
			sourceTree = "<group>";
		};
		302E5F912477EEE200C04D7F /* RecipesViewController */ = {
			isa = PBXGroup;
			children = (
				30A0F8C124DC0D8F004C14ED /* SearchRecipes.storyboard */,
				30D3D60F247D569300A6DF34 /* RecipeModel */,
				302E5F902477EEC900C04D7F /* View */,
				30B4C5272477DA670013D51F /* RecipesViewController.swift */,
				302E5F922477EF5C00C04D7F /* RecipesViewControllerDelegate.swift */,
				309B3774247E7BF800BBB655 /* RecipeSearchBarDelegate.swift */,
			);
			path = RecipesViewController;
			sourceTree = "<group>";
		};
		307FA76A247802EE000E0D3F /* Colors */ = {
			isa = PBXGroup;
			children = (
				307FA76B2478031B000E0D3F /* Colors.xcassets */,
			);
			path = Colors;
			sourceTree = "<group>";
		};
		309AA0CA248654F50050DD8A /* DetailRecipeViewController */ = {
			isa = PBXGroup;
			children = (
				309AA0CD248658590050DD8A /* View */,
				305AEF03248507B50088E2D6 /* DetailRecipeViewController.swift */,
				309AA0CB248657240050DD8A /* DetailRecipeVCDelegate.swift */,
				305AEF052485397F0088E2D6 /* DetailStoryboard.storyboard */,
			);
			path = DetailRecipeViewController;
			sourceTree = "<group>";
		};
		309AA0CD248658590050DD8A /* View */ = {
			isa = PBXGroup;
			children = (
				309AA0CE248658800050DD8A /* IngredientCell.swift */,
			);
			path = View;
			sourceTree = "<group>";
		};
		309B3776247EC81200BBB655 /* Helpers */ = {
			isa = PBXGroup;
			children = (
				309B3777247EC82E00BBB655 /* ConstName.swift */,
				309B3779247EC89D00BBB655 /* Alert.swift */,
				305AEF0B24854C3A0088E2D6 /* Storyboards.swift */,
			);
			path = Helpers;
			sourceTree = "<group>";
		};
		30B4C5172477DA670013D51F = {
			isa = PBXGroup;
			children = (
				30B4C5222477DA670013D51F /* ChefBook */,
				30B4C5212477DA670013D51F /* Products */,
				2B8A7CB38101C97B186F765E /* Pods */,
				9AC7AFA56DE18058DD405DDC /* Frameworks */,
			);
			sourceTree = "<group>";
		};
		30B4C5212477DA670013D51F /* Products */ = {
			isa = PBXGroup;
			children = (
				30B4C5202477DA670013D51F /* ChefBook.app */,
			);
			name = Products;
			sourceTree = "<group>";
		};
		30B4C5222477DA670013D51F /* ChefBook */ = {
			isa = PBXGroup;
			children = (
				30B4C5232477DA670013D51F /* AppDelegate.swift */,
				30B4C5252477DA670013D51F /* SceneDelegate.swift */,
				301EDAC82481147900DA5A14 /* Components */,
				309B3776247EC81200BBB655 /* Helpers */,
				30D3D612247D687800A6DF34 /* Services */,
				3018F442247C215C00C96C83 /* Extension */,
				302E5F912477EEE200C04D7F /* RecipesViewController */,
				309AA0CA248654F50050DD8A /* DetailRecipeViewController */,
				30B4C52C2477DA700013D51F /* Assets.xcassets */,
				30C3180624891BEF00414E40 /* StartCookingWebViewController */,
				30B4C5292477DA670013D51F /* Main.storyboard */,
				307FA76A247802EE000E0D3F /* Colors */,
				30B4C52E2477DA700013D51F /* LaunchScreen.storyboard */,
				30B4C5312477DA710013D51F /* Info.plist */,
			);
			path = ChefBook;
			sourceTree = "<group>";
		};
		30C3180624891BEF00414E40 /* StartCookingWebViewController */ = {
			isa = PBXGroup;
			children = (
				30C3180724891C8500414E40 /* StartCookingWebViewController.swift */,
				30C3180424891B6F00414E40 /* StartCookingWebView.storyboard */,
			);
			path = StartCookingWebViewController;
			sourceTree = "<group>";
		};
		30D3D60F247D569300A6DF34 /* RecipeModel */ = {
			isa = PBXGroup;
			children = (
				30D3D610247D56CB00A6DF34 /* RecipeModel.swift */,
			);
			path = RecipeModel;
			sourceTree = "<group>";
		};
		30D3D612247D687800A6DF34 /* Services */ = {
			isa = PBXGroup;
			children = (
				30D3D613247D689200A6DF34 /* APIService.swift */,
			);
			path = Services;
			sourceTree = "<group>";
		};
		9AC7AFA56DE18058DD405DDC /* Frameworks */ = {
			isa = PBXGroup;
			children = (
				30A0F8C324DC0F9F004C14ED /* WebKit.framework */,
				ADF6857BB1190C0C6FD375CA /* Pods_ChefBook.framework */,
			);
			name = Frameworks;
			sourceTree = "<group>";
		};
/* End PBXGroup section */

/* Begin PBXNativeTarget section */
		30B4C51F2477DA670013D51F /* ChefBook */ = {
			isa = PBXNativeTarget;
			buildConfigurationList = 30B4C5342477DA710013D51F /* Build configuration list for PBXNativeTarget "ChefBook" */;
			buildPhases = (
				8848EC48CEC5168703DE124C /* [CP] Check Pods Manifest.lock */,
				30B4C51C2477DA670013D51F /* Sources */,
				30B4C51D2477DA670013D51F /* Frameworks */,
				30B4C51E2477DA670013D51F /* Resources */,
				7E09E0F06EE90C8390AC0663 /* [CP] Embed Pods Frameworks */,
			);
			buildRules = (
			);
			dependencies = (
			);
			name = ChefBook;
			productName = ChefBook;
			productReference = 30B4C5202477DA670013D51F /* ChefBook.app */;
			productType = "com.apple.product-type.application";
		};
/* End PBXNativeTarget section */

/* Begin PBXProject section */
		30B4C5182477DA670013D51F /* Project object */ = {
			isa = PBXProject;
			attributes = {
				LastSwiftUpdateCheck = 1120;
				LastUpgradeCheck = 1120;
				ORGANIZATIONNAME = md760;
				TargetAttributes = {
					30B4C51F2477DA670013D51F = {
						CreatedOnToolsVersion = 11.2;
					};
				};
			};
			buildConfigurationList = 30B4C51B2477DA670013D51F /* Build configuration list for PBXProject "ChefBook" */;
			compatibilityVersion = "Xcode 9.3";
			developmentRegion = en;
			hasScannedForEncodings = 0;
			knownRegions = (
				en,
				Base,
			);
			mainGroup = 30B4C5172477DA670013D51F;
			productRefGroup = 30B4C5212477DA670013D51F /* Products */;
			projectDirPath = "";
			projectRoot = "";
			targets = (
				30B4C51F2477DA670013D51F /* ChefBook */,
			);
		};
/* End PBXProject section */

/* Begin PBXResourcesBuildPhase section */
		30B4C51E2477DA670013D51F /* Resources */ = {
			isa = PBXResourcesBuildPhase;
			buildActionMask = 2147483647;
			files = (
				30A0F8C224DC0D8F004C14ED /* SearchRecipes.storyboard in Resources */,
				307FA76C2478031B000E0D3F /* Colors.xcassets in Resources */,
				30B4C5302477DA700013D51F /* LaunchScreen.storyboard in Resources */,
				305AEF062485397F0088E2D6 /* DetailStoryboard.storyboard in Resources */,
				30BEAC3F247C19C4005A6477 /* RecipeCell.xib in Resources */,
				30C3180524891B6F00414E40 /* StartCookingWebView.storyboard in Resources */,
				30B4C52D2477DA700013D51F /* Assets.xcassets in Resources */,
				30B4C52B2477DA670013D51F /* Main.storyboard in Resources */,
			);
			runOnlyForDeploymentPostprocessing = 0;
		};
/* End PBXResourcesBuildPhase section */

/* Begin PBXShellScriptBuildPhase section */
		7E09E0F06EE90C8390AC0663 /* [CP] Embed Pods Frameworks */ = {
			isa = PBXShellScriptBuildPhase;
			buildActionMask = 2147483647;
			files = (
			);
			inputFileListPaths = (
				"${PODS_ROOT}/Target Support Files/Pods-ChefBook/Pods-ChefBook-frameworks-${CONFIGURATION}-input-files.xcfilelist",
			);
			name = "[CP] Embed Pods Frameworks";
			outputFileListPaths = (
				"${PODS_ROOT}/Target Support Files/Pods-ChefBook/Pods-ChefBook-frameworks-${CONFIGURATION}-output-files.xcfilelist",
			);
			runOnlyForDeploymentPostprocessing = 0;
			shellPath = /bin/sh;
			shellScript = "\"${PODS_ROOT}/Target Support Files/Pods-ChefBook/Pods-ChefBook-frameworks.sh\"\n";
			showEnvVarsInLog = 0;
		};
		8848EC48CEC5168703DE124C /* [CP] Check Pods Manifest.lock */ = {
			isa = PBXShellScriptBuildPhase;
			buildActionMask = 2147483647;
			files = (
			);
			inputFileListPaths = (
			);
			inputPaths = (
				"${PODS_PODFILE_DIR_PATH}/Podfile.lock",
				"${PODS_ROOT}/Manifest.lock",
			);
			name = "[CP] Check Pods Manifest.lock";
			outputFileListPaths = (
			);
			outputPaths = (
				"$(DERIVED_FILE_DIR)/Pods-ChefBook-checkManifestLockResult.txt",
			);
			runOnlyForDeploymentPostprocessing = 0;
			shellPath = /bin/sh;
			shellScript = "diff \"${PODS_PODFILE_DIR_PATH}/Podfile.lock\" \"${PODS_ROOT}/Manifest.lock\" > /dev/null\nif [ $? != 0 ] ; then\n    # print error to STDERR\n    echo \"error: The sandbox is not in sync with the Podfile.lock. Run 'pod install' or update your CocoaPods installation.\" >&2\n    exit 1\nfi\n# This output is used by Xcode 'outputs' to avoid re-running this script phase.\necho \"SUCCESS\" > \"${SCRIPT_OUTPUT_FILE_0}\"\n";
			showEnvVarsInLog = 0;
		};
/* End PBXShellScriptBuildPhase section */

/* Begin PBXSourcesBuildPhase section */
		30B4C51C2477DA670013D51F /* Sources */ = {
			isa = PBXSourcesBuildPhase;
			buildActionMask = 2147483647;
			files = (
				3018F444247C233500C96C83 /* UIView.swift in Sources */,
				30B4C5282477DA670013D51F /* RecipesViewController.swift in Sources */,
				302E5F932477EF5C00C04D7F /* RecipesViewControllerDelegate.swift in Sources */,
				301EDAC72481141900DA5A14 /* CustonImageView.swift in Sources */,
				309AA0CF248658800050DD8A /* IngredientCell.swift in Sources */,
				305AEF04248507B50088E2D6 /* DetailRecipeViewController.swift in Sources */,
				3018F441247C215900C96C83 /* NSObject.swift in Sources */,
				30C3180824891C8500414E40 /* StartCookingWebViewController.swift in Sources */,
				305AEF0824854BDA0088E2D6 /* UIStoryboard.swift in Sources */,
				305AEF0C24854C3A0088E2D6 /* Storyboards.swift in Sources */,
				309B377A247EC89D00BBB655 /* Alert.swift in Sources */,
				30BEAC3E247C19C4005A6477 /* RecipeCell.swift in Sources */,
				30D3D614247D689200A6DF34 /* APIService.swift in Sources */,
				30B4C5242477DA670013D51F /* AppDelegate.swift in Sources */,
				30B4C5262477DA670013D51F /* SceneDelegate.swift in Sources */,
				309B3775247E7BF800BBB655 /* RecipeSearchBarDelegate.swift in Sources */,
				309B3778247EC82E00BBB655 /* ConstName.swift in Sources */,
				305AEF0A24854C0E0088E2D6 /* UIViewController.swift in Sources */,
				309AA0CC248657240050DD8A /* DetailRecipeVCDelegate.swift in Sources */,
				30D3D611247D56CB00A6DF34 /* RecipeModel.swift in Sources */,
			);
			runOnlyForDeploymentPostprocessing = 0;
		};
/* End PBXSourcesBuildPhase section */

/* Begin PBXVariantGroup section */
		30B4C5292477DA670013D51F /* Main.storyboard */ = {
			isa = PBXVariantGroup;
			children = (
				30B4C52A2477DA670013D51F /* Base */,
			);
			name = Main.storyboard;
			sourceTree = "<group>";
		};
		30B4C52E2477DA700013D51F /* LaunchScreen.storyboard */ = {
			isa = PBXVariantGroup;
			children = (
				30B4C52F2477DA700013D51F /* Base */,
			);
			name = LaunchScreen.storyboard;
			sourceTree = "<group>";
		};
/* End PBXVariantGroup section */

/* Begin XCBuildConfiguration section */
		30B4C5322477DA710013D51F /* Debug */ = {
			isa = XCBuildConfiguration;
			buildSettings = {
				ALWAYS_SEARCH_USER_PATHS = NO;
				CLANG_ANALYZER_NONNULL = YES;
				CLANG_ANALYZER_NUMBER_OBJECT_CONVERSION = YES_AGGRESSIVE;
				CLANG_CXX_LANGUAGE_STANDARD = "gnu++14";
				CLANG_CXX_LIBRARY = "libc++";
				CLANG_ENABLE_MODULES = YES;
				CLANG_ENABLE_OBJC_ARC = YES;
				CLANG_ENABLE_OBJC_WEAK = YES;
				CLANG_WARN_BLOCK_CAPTURE_AUTORELEASING = YES;
				CLANG_WARN_BOOL_CONVERSION = YES;
				CLANG_WARN_COMMA = YES;
				CLANG_WARN_CONSTANT_CONVERSION = YES;
				CLANG_WARN_DEPRECATED_OBJC_IMPLEMENTATIONS = YES;
				CLANG_WARN_DIRECT_OBJC_ISA_USAGE = YES_ERROR;
				CLANG_WARN_DOCUMENTATION_COMMENTS = YES;
				CLANG_WARN_EMPTY_BODY = YES;
				CLANG_WARN_ENUM_CONVERSION = YES;
				CLANG_WARN_INFINITE_RECURSION = YES;
				CLANG_WARN_INT_CONVERSION = YES;
				CLANG_WARN_NON_LITERAL_NULL_CONVERSION = YES;
				CLANG_WARN_OBJC_IMPLICIT_RETAIN_SELF = YES;
				CLANG_WARN_OBJC_LITERAL_CONVERSION = YES;
				CLANG_WARN_OBJC_ROOT_CLASS = YES_ERROR;
				CLANG_WARN_RANGE_LOOP_ANALYSIS = YES;
				CLANG_WARN_STRICT_PROTOTYPES = YES;
				CLANG_WARN_SUSPICIOUS_MOVE = YES;
				CLANG_WARN_UNGUARDED_AVAILABILITY = YES_AGGRESSIVE;
				CLANG_WARN_UNREACHABLE_CODE = YES;
				CLANG_WARN__DUPLICATE_METHOD_MATCH = YES;
				COPY_PHASE_STRIP = NO;
				DEBUG_INFORMATION_FORMAT = dwarf;
				ENABLE_STRICT_OBJC_MSGSEND = YES;
				ENABLE_TESTABILITY = YES;
				GCC_C_LANGUAGE_STANDARD = gnu11;
				GCC_DYNAMIC_NO_PIC = NO;
				GCC_NO_COMMON_BLOCKS = YES;
				GCC_OPTIMIZATION_LEVEL = 0;
				GCC_PREPROCESSOR_DEFINITIONS = (
					"DEBUG=1",
					"$(inherited)",
				);
				GCC_WARN_64_TO_32_BIT_CONVERSION = YES;
				GCC_WARN_ABOUT_RETURN_TYPE = YES_ERROR;
				GCC_WARN_UNDECLARED_SELECTOR = YES;
				GCC_WARN_UNINITIALIZED_AUTOS = YES_AGGRESSIVE;
				GCC_WARN_UNUSED_FUNCTION = YES;
				GCC_WARN_UNUSED_VARIABLE = YES;
				IPHONEOS_DEPLOYMENT_TARGET = 13.2;
				MTL_ENABLE_DEBUG_INFO = INCLUDE_SOURCE;
				MTL_FAST_MATH = YES;
				ONLY_ACTIVE_ARCH = YES;
				SDKROOT = iphoneos;
				SWIFT_ACTIVE_COMPILATION_CONDITIONS = DEBUG;
				SWIFT_OPTIMIZATION_LEVEL = "-Onone";
			};
			name = Debug;
		};
		30B4C5332477DA710013D51F /* Release */ = {
			isa = XCBuildConfiguration;
			buildSettings = {
				ALWAYS_SEARCH_USER_PATHS = NO;
				CLANG_ANALYZER_NONNULL = YES;
				CLANG_ANALYZER_NUMBER_OBJECT_CONVERSION = YES_AGGRESSIVE;
				CLANG_CXX_LANGUAGE_STANDARD = "gnu++14";
				CLANG_CXX_LIBRARY = "libc++";
				CLANG_ENABLE_MODULES = YES;
				CLANG_ENABLE_OBJC_ARC = YES;
				CLANG_ENABLE_OBJC_WEAK = YES;
				CLANG_WARN_BLOCK_CAPTURE_AUTORELEASING = YES;
				CLANG_WARN_BOOL_CONVERSION = YES;
				CLANG_WARN_COMMA = YES;
				CLANG_WARN_CONSTANT_CONVERSION = YES;
				CLANG_WARN_DEPRECATED_OBJC_IMPLEMENTATIONS = YES;
				CLANG_WARN_DIRECT_OBJC_ISA_USAGE = YES_ERROR;
				CLANG_WARN_DOCUMENTATION_COMMENTS = YES;
				CLANG_WARN_EMPTY_BODY = YES;
				CLANG_WARN_ENUM_CONVERSION = YES;
				CLANG_WARN_INFINITE_RECURSION = YES;
				CLANG_WARN_INT_CONVERSION = YES;
				CLANG_WARN_NON_LITERAL_NULL_CONVERSION = YES;
				CLANG_WARN_OBJC_IMPLICIT_RETAIN_SELF = YES;
				CLANG_WARN_OBJC_LITERAL_CONVERSION = YES;
				CLANG_WARN_OBJC_ROOT_CLASS = YES_ERROR;
				CLANG_WARN_RANGE_LOOP_ANALYSIS = YES;
				CLANG_WARN_STRICT_PROTOTYPES = YES;
				CLANG_WARN_SUSPICIOUS_MOVE = YES;
				CLANG_WARN_UNGUARDED_AVAILABILITY = YES_AGGRESSIVE;
				CLANG_WARN_UNREACHABLE_CODE = YES;
				CLANG_WARN__DUPLICATE_METHOD_MATCH = YES;
				COPY_PHASE_STRIP = NO;
				DEBUG_INFORMATION_FORMAT = "dwarf-with-dsym";
				ENABLE_NS_ASSERTIONS = NO;
				ENABLE_STRICT_OBJC_MSGSEND = YES;
				GCC_C_LANGUAGE_STANDARD = gnu11;
				GCC_NO_COMMON_BLOCKS = YES;
				GCC_WARN_64_TO_32_BIT_CONVERSION = YES;
				GCC_WARN_ABOUT_RETURN_TYPE = YES_ERROR;
				GCC_WARN_UNDECLARED_SELECTOR = YES;
				GCC_WARN_UNINITIALIZED_AUTOS = YES_AGGRESSIVE;
				GCC_WARN_UNUSED_FUNCTION = YES;
				GCC_WARN_UNUSED_VARIABLE = YES;
				IPHONEOS_DEPLOYMENT_TARGET = 13.2;
				MTL_ENABLE_DEBUG_INFO = NO;
				MTL_FAST_MATH = YES;
				SDKROOT = iphoneos;
				SWIFT_COMPILATION_MODE = wholemodule;
				SWIFT_OPTIMIZATION_LEVEL = "-O";
				VALIDATE_PRODUCT = YES;
			};
			name = Release;
		};
		30B4C5352477DA710013D51F /* Debug */ = {
			isa = XCBuildConfiguration;
			baseConfigurationReference = 474425297E8220EB8D4DEFD8 /* Pods-ChefBook.debug.xcconfig */;
			buildSettings = {
				ASSETCATALOG_COMPILER_APPICON_NAME = AppIcon;
				CODE_SIGN_STYLE = Automatic;
				DEVELOPMENT_TEAM = CX3ZPJT3PN;
				INFOPLIST_FILE = ChefBook/Info.plist;
				LD_RUNPATH_SEARCH_PATHS = (
					"$(inherited)",
					"@executable_path/Frameworks",
				);
				PRODUCT_BUNDLE_IDENTIFIER = tarasenkoTaras.ChefBook;
				PRODUCT_NAME = "$(TARGET_NAME)";
				SWIFT_VERSION = 5.0;
				TARGETED_DEVICE_FAMILY = "1,2";
			};
			name = Debug;
		};
		30B4C5362477DA710013D51F /* Release */ = {
			isa = XCBuildConfiguration;
			baseConfigurationReference = AB6C2BF5FEFAC1C5A5E440FF /* Pods-ChefBook.release.xcconfig */;
			buildSettings = {
				ASSETCATALOG_COMPILER_APPICON_NAME = AppIcon;
				CODE_SIGN_STYLE = Automatic;
				DEVELOPMENT_TEAM = CX3ZPJT3PN;
				INFOPLIST_FILE = ChefBook/Info.plist;
				LD_RUNPATH_SEARCH_PATHS = (
					"$(inherited)",
					"@executable_path/Frameworks",
				);
				PRODUCT_BUNDLE_IDENTIFIER = tarasenkoTaras.ChefBook;
				PRODUCT_NAME = "$(TARGET_NAME)";
				SWIFT_VERSION = 5.0;
				TARGETED_DEVICE_FAMILY = "1,2";
			};
			name = Release;
		};
/* End XCBuildConfiguration section */

/* Begin XCConfigurationList section */
		30B4C51B2477DA670013D51F /* Build configuration list for PBXProject "ChefBook" */ = {
			isa = XCConfigurationList;
			buildConfigurations = (
				30B4C5322477DA710013D51F /* Debug */,
				30B4C5332477DA710013D51F /* Release */,
			);
			defaultConfigurationIsVisible = 0;
			defaultConfigurationName = Release;
		};
		30B4C5342477DA710013D51F /* Build configuration list for PBXNativeTarget "ChefBook" */ = {
			isa = XCConfigurationList;
			buildConfigurations = (
				30B4C5352477DA710013D51F /* Debug */,
				30B4C5362477DA710013D51F /* Release */,
			);
			defaultConfigurationIsVisible = 0;
			defaultConfigurationName = Release;
		};
/* End XCConfigurationList section */
	};
	rootObject = 30B4C5182477DA670013D51F /* Project object */;
}
